
Microsoft Visual Studio Solution File, Format Version 12.00
# Visual Studio Version 17
VisualStudioVersion = 17.14.36915.13 d17.14
MinimumVisualStudioVersion = 10.0.40219.1
Project("{FAE04EC0-301F-11D3-BF4B-00C04F79EFBC}") = "PROGRAMMINGPROJECT 2", "PROGRAMMINGPROJECT 2\PROGRAMMINGPROJECT 2.csproj", "{226270C0-CFDF-441B-9AFA-8E5F3428D527}"
EndProject
Global
	GlobalSection(SolutionConfigurationPlatforms) = preSolution
		Debug|Any CPU = Debug|Any CPU
		Release|Any CPU = Release|Any CPU
	EndGlobalSection
	GlobalSection(ProjectConfigurationPlatforms) = postSolution
		{226270C0-CFDF-441B-9AFA-8E5F3428D527}.Debug|Any CPU.ActiveCfg = Debug|Any CPU
		{226270C0-CFDF-441B-9AFA-8E5F3428D527}.Debug|Any CPU.Build.0 = Debug|Any CPU
		{226270C0-CFDF-441B-9AFA-8E5F3428D527}.Release|Any CPU.ActiveCfg = Release|Any CPU
		{226270C0-CFDF-441B-9AFA-8E5F3428D527}.Release|Any CPU.Build.0 = Release|Any CPU
	EndGlobalSection
	GlobalSection(SolutionProperties) = preSolution
		HideSolutionNode = FALSE
	EndGlobalSection
	GlobalSection(ExtensibilityGlobals) = postSolution
		SolutionGuid = {B5CDF9B5-6422-4A96-B668-AC813ED42F23}
	EndGlobalSection
EndGlobal
